
Microsoft Visual Studio Solution File, Format Version 12.00
# Visual Studio Version 17
VisualStudioVersion = 17.4.33403.182
MinimumVisualStudioVersion = 10.0.40219.1
Project("{9A19103F-16F7-4668-BE54-9A1E7A4F7556}") = "MenuManager.Ui.WebApp", "MenuManager.Ui.WebApp\MenuManager.Ui.WebApp.csproj", "{1AFA3EF6-E7F1-4EB1-960A-679A7BC51A99}"
EndProject
Project("{FAE04EC0-301F-11D3-BF4B-00C04F79EFBC}") = "MenuManager.Model", "MenuManager.Model\MenuManager.Model.csproj", "{78219E67-F95E-406F-8E57-EC771B33CC04}"
EndProject
Project("{FAE04EC0-301F-11D3-BF4B-00C04F79EFBC}") = "MenuManager.Core", "MenuManager.Core\MenuManager.Core.csproj", "{F1532D2E-2D4D-4D0B-A1B4-CC6F02E4CDB1}"
EndProject
Global
	GlobalSection(SolutionConfigurationPlatforms) = preSolution
		Debug|Any CPU = Debug|Any CPU
		Release|Any CPU = Release|Any CPU
	EndGlobalSection
	GlobalSection(ProjectConfigurationPlatforms) = postSolution
		{1AFA3EF6-E7F1-4EB1-960A-679A7BC51A99}.Debug|Any CPU.ActiveCfg = Debug|Any CPU
		{1AFA3EF6-E7F1-4EB1-960A-679A7BC51A99}.Debug|Any CPU.Build.0 = Debug|Any CPU
		{1AFA3EF6-E7F1-4EB1-960A-679A7BC51A99}.Release|Any CPU.ActiveCfg = Release|Any CPU
		{1AFA3EF6-E7F1-4EB1-960A-679A7BC51A99}.Release|Any CPU.Build.0 = Release|Any CPU
		{78219E67-F95E-406F-8E57-EC771B33CC04}.Debug|Any CPU.ActiveCfg = Debug|Any CPU
		{78219E67-F95E-406F-8E57-EC771B33CC04}.Debug|Any CPU.Build.0 = Debug|Any CPU
		{78219E67-F95E-406F-8E57-EC771B33CC04}.Release|Any CPU.ActiveCfg = Release|Any CPU
		{78219E67-F95E-406F-8E57-EC771B33CC04}.Release|Any CPU.Build.0 = Release|Any CPU
		{F1532D2E-2D4D-4D0B-A1B4-CC6F02E4CDB1}.Debug|Any CPU.ActiveCfg = Debug|Any CPU
		{F1532D2E-2D4D-4D0B-A1B4-CC6F02E4CDB1}.Debug|Any CPU.Build.0 = Debug|Any CPU
		{F1532D2E-2D4D-4D0B-A1B4-CC6F02E4CDB1}.Release|Any CPU.ActiveCfg = Release|Any CPU
		{F1532D2E-2D4D-4D0B-A1B4-CC6F02E4CDB1}.Release|Any CPU.Build.0 = Release|Any CPU
	EndGlobalSection
	GlobalSection(SolutionProperties) = preSolution
		HideSolutionNode = FALSE
	EndGlobalSection
	GlobalSection(ExtensibilityGlobals) = postSolution
		SolutionGuid = {E5E0BE66-CC9B-4721-B02C-CA79D15CCC81}
	EndGlobalSection
EndGlobal
